{
  "name": "retailium-tech",
  "lockfileVersion": 2,
  "requires": true,
  "packages": {
    "": {
      "dependencies": {
        "@dataform/core": "3.0.42",
        "ga4-export-fixer": "https://github.com/DBlumen/ga4-export-fixer/archive/refs/tags/v0.9.0-googleads.2.tar.gz"
      }
    },
    "node_modules/@dataform/core": {
      "version": "3.0.42",
      "resolved": "https://registry.npmjs.org/@dataform/core/-/core-3.0.42.tgz",
      "integrity": "sha512-cNHJv9xjFrZYTg80ebLNO//XLlFLCjNlS0tAnlfmMWO963HanmBdcZhQ93KR1G2BPTeOfx/r/Fj6Xxfg8KpZXw=="
    },
    "node_modules/ga4-export-fixer": {
      "version": "0.9.0",
      "resolved": "https://github.com/DBlumen/ga4-export-fixer/archive/refs/tags/v0.9.0-googleads.2.tar.gz",
      "integrity": "sha512-wf8/y38q0oQ9dwMO01XcsQ38bLzNYVoN6civJv5m3EyOVQo3y7qut9ocnMS+b0RFS4fVXWbQbc2ylx43AQw0GQ==",
      "license": "MIT"
    }
  },
  "dependencies": {
    "@dataform/core": {
      "version": "3.0.42",
      "resolved": "https://registry.npmjs.org/@dataform/core/-/core-3.0.42.tgz",
      "integrity": "sha512-cNHJv9xjFrZYTg80ebLNO//XLlFLCjNlS0tAnlfmMWO963HanmBdcZhQ93KR1G2BPTeOfx/r/Fj6Xxfg8KpZXw=="
    },
    "ga4-export-fixer": {
      "version": "https://github.com/DBlumen/ga4-export-fixer/archive/refs/tags/v0.9.0-googleads.2.tar.gz",
      "integrity": "sha512-wf8/y38q0oQ9dwMO01XcsQ38bLzNYVoN6civJv5m3EyOVQo3y7qut9ocnMS+b0RFS4fVXWbQbc2ylx43AQw0GQ=="
    }
  }
}
